
Microsoft Visual Studio Solution File, Format Version 12.00
# Visual Studio 15
VisualStudioVersion = 15.0.28307.572
MinimumVisualStudioVersion = 10.0.40219.1
Project("{FAE04EC0-301F-11D3-BF4B-00C04F79EFBC}") = "Shop.Core", "Shop.Core\Shop.Core.csproj", "{2CE9774E-BD52-4893-8CF5-22849E539CB5}"
EndProject
Project("{FAE04EC0-301F-11D3-BF4B-00C04F79EFBC}") = "Shop.Datalayer.InMemory", "Shop.Datalayer.InMemory\Shop.Datalayer.InMemory.csproj", "{880348FF-7B9B-4845-B8E6-7AAC0F56C72E}"
EndProject
Project("{FAE04EC0-301F-11D3-BF4B-00C04F79EFBC}") = "Shop.Datalayer.SQL", "Shop.Datalayer.SQL\Shop.Datalayer.SQL.csproj", "{E5985AFB-A9D2-449D-B8E5-175E89FB7215}"
EndProject
Project("{FAE04EC0-301F-11D3-BF4B-00C04F79EFBC}") = "Shop.Services", "Shop.Services\Shop.Services.csproj", "{FDC4417C-7F43-4947-A77E-CAC21468D4F4}"
EndProject
Project("{FAE04EC0-301F-11D3-BF4B-00C04F79EFBC}") = "MongoShop", "MongoShop\MongoShop.csproj", "{D2391E88-5D14-472E-B7C4-A1713FFD7DFD}"
EndProject
Global
	GlobalSection(SolutionConfigurationPlatforms) = preSolution
		Debug|Any CPU = Debug|Any CPU
		Release|Any CPU = Release|Any CPU
	EndGlobalSection
	GlobalSection(ProjectConfigurationPlatforms) = postSolution
		{2CE9774E-BD52-4893-8CF5-22849E539CB5}.Debug|Any CPU.ActiveCfg = Debug|Any CPU
		{2CE9774E-BD52-4893-8CF5-22849E539CB5}.Debug|Any CPU.Build.0 = Debug|Any CPU
		{2CE9774E-BD52-4893-8CF5-22849E539CB5}.Release|Any CPU.ActiveCfg = Release|Any CPU
		{2CE9774E-BD52-4893-8CF5-22849E539CB5}.Release|Any CPU.Build.0 = Release|Any CPU
		{880348FF-7B9B-4845-B8E6-7AAC0F56C72E}.Debug|Any CPU.ActiveCfg = Debug|Any CPU
		{880348FF-7B9B-4845-B8E6-7AAC0F56C72E}.Debug|Any CPU.Build.0 = Debug|Any CPU
		{880348FF-7B9B-4845-B8E6-7AAC0F56C72E}.Release|Any CPU.ActiveCfg = Release|Any CPU
		{880348FF-7B9B-4845-B8E6-7AAC0F56C72E}.Release|Any CPU.Build.0 = Release|Any CPU
		{E5985AFB-A9D2-449D-B8E5-175E89FB7215}.Debug|Any CPU.ActiveCfg = Debug|Any CPU
		{E5985AFB-A9D2-449D-B8E5-175E89FB7215}.Debug|Any CPU.Build.0 = Debug|Any CPU
		{E5985AFB-A9D2-449D-B8E5-175E89FB7215}.Release|Any CPU.ActiveCfg = Release|Any CPU
		{E5985AFB-A9D2-449D-B8E5-175E89FB7215}.Release|Any CPU.Build.0 = Release|Any CPU
		{FDC4417C-7F43-4947-A77E-CAC21468D4F4}.Debug|Any CPU.ActiveCfg = Debug|Any CPU
		{FDC4417C-7F43-4947-A77E-CAC21468D4F4}.Debug|Any CPU.Build.0 = Debug|Any CPU
		{FDC4417C-7F43-4947-A77E-CAC21468D4F4}.Release|Any CPU.ActiveCfg = Release|Any CPU
		{FDC4417C-7F43-4947-A77E-CAC21468D4F4}.Release|Any CPU.Build.0 = Release|Any CPU
		{D2391E88-5D14-472E-B7C4-A1713FFD7DFD}.Debug|Any CPU.ActiveCfg = Debug|Any CPU
		{D2391E88-5D14-472E-B7C4-A1713FFD7DFD}.Debug|Any CPU.Build.0 = Debug|Any CPU
		{D2391E88-5D14-472E-B7C4-A1713FFD7DFD}.Release|Any CPU.ActiveCfg = Release|Any CPU
		{D2391E88-5D14-472E-B7C4-A1713FFD7DFD}.Release|Any CPU.Build.0 = Release|Any CPU
	EndGlobalSection
	GlobalSection(SolutionProperties) = preSolution
		HideSolutionNode = FALSE
	EndGlobalSection
	GlobalSection(ExtensibilityGlobals) = postSolution
		SolutionGuid = {1CE8ABED-260B-4A49-93AE-6212810EBCFA}
	EndGlobalSection
EndGlobal
